
Microsoft Visual Studio Solution File, Format Version 12.00
# Visual Studio Version 17
VisualStudioVersion = 17.2.32630.192
MinimumVisualStudioVersion = 10.0.40219.1
Project("{FAE04EC0-301F-11D3-BF4B-00C04F79EFBC}") = "Practising SOLID Principles", "Practising SOLID Principles\Practising SOLID Principles.csproj", "{0EDEC8D3-F39A-43F0-AF29-D90299D0B0EC}"
EndProject
Global
	GlobalSection(SolutionConfigurationPlatforms) = preSolution
		Debug|Any CPU = Debug|Any CPU
		Release|Any CPU = Release|Any CPU
	EndGlobalSection
	GlobalSection(ProjectConfigurationPlatforms) = postSolution
		{0EDEC8D3-F39A-43F0-AF29-D90299D0B0EC}.Debug|Any CPU.ActiveCfg = Debug|Any CPU
		{0EDEC8D3-F39A-43F0-AF29-D90299D0B0EC}.Debug|Any CPU.Build.0 = Debug|Any CPU
		{0EDEC8D3-F39A-43F0-AF29-D90299D0B0EC}.Release|Any CPU.ActiveCfg = Release|Any CPU
		{0EDEC8D3-F39A-43F0-AF29-D90299D0B0EC}.Release|Any CPU.Build.0 = Release|Any CPU
	EndGlobalSection
	GlobalSection(SolutionProperties) = preSolution
		HideSolutionNode = FALSE
	EndGlobalSection
	GlobalSection(ExtensibilityGlobals) = postSolution
		SolutionGuid = {8028C4CE-97C8-4FEA-BFBC-60E6DE423288}
	EndGlobalSection
EndGlobal
