
Microsoft Visual Studio Solution File, Format Version 12.00
# Visual Studio Version 17
VisualStudioVersion = 17.2.32526.322
MinimumVisualStudioVersion = 10.0.40219.1
Project("{FAE04EC0-301F-11D3-BF4B-00C04F79EFBC}") = "Exercise Interfaces and Abstraction", "Exercise Interfaces and Abstraction\Exercise Interfaces and Abstraction.csproj", "{E738AD1E-4FBD-43BC-8050-0984A221AAC9}"
EndProject
Project("{FAE04EC0-301F-11D3-BF4B-00C04F79EFBC}") = "01.DefineAnInterfaceIPerson", "01.DefineAnInterfaceIPerson\01.DefineAnInterfaceIPerson.csproj", "{92886095-D59F-4CDE-B32B-167065AFF573}"
EndProject
Project("{FAE04EC0-301F-11D3-BF4B-00C04F79EFBC}") = "02.MultipleImplementation", "02.MultipleImplementation\02.MultipleImplementation.csproj", "{5AE95D7C-B864-4DE1-B524-B4E7E77CA755}"
EndProject
Project("{FAE04EC0-301F-11D3-BF4B-00C04F79EFBC}") = "03.Telephony", "03.Telephony\03.Telephony.csproj", "{FFF79852-79CF-4398-84B2-219F786396CE}"
EndProject
Project("{FAE04EC0-301F-11D3-BF4B-00C04F79EFBC}") = "7.MilitaryElite", "7.MilitaryElite\7.MilitaryElite.csproj", "{D33A5E45-5843-4750-908C-EFBB4D85FC7E}"
EndProject
Project("{FAE04EC0-301F-11D3-BF4B-00C04F79EFBC}") = "8. CollectionHierarchy", "8. CollectionHierarchy\8. CollectionHierarchy.csproj", "{8E34BB1F-F678-48B2-8C1B-C86BE512FF46}"
EndProject
Global
	GlobalSection(SolutionConfigurationPlatforms) = preSolution
		Debug|Any CPU = Debug|Any CPU
		Release|Any CPU = Release|Any CPU
	EndGlobalSection
	GlobalSection(ProjectConfigurationPlatforms) = postSolution
		{E738AD1E-4FBD-43BC-8050-0984A221AAC9}.Debug|Any CPU.ActiveCfg = Debug|Any CPU
		{E738AD1E-4FBD-43BC-8050-0984A221AAC9}.Debug|Any CPU.Build.0 = Debug|Any CPU
		{E738AD1E-4FBD-43BC-8050-0984A221AAC9}.Release|Any CPU.ActiveCfg = Release|Any CPU
		{E738AD1E-4FBD-43BC-8050-0984A221AAC9}.Release|Any CPU.Build.0 = Release|Any CPU
		{92886095-D59F-4CDE-B32B-167065AFF573}.Debug|Any CPU.ActiveCfg = Debug|Any CPU
		{92886095-D59F-4CDE-B32B-167065AFF573}.Debug|Any CPU.Build.0 = Debug|Any CPU
		{92886095-D59F-4CDE-B32B-167065AFF573}.Release|Any CPU.ActiveCfg = Release|Any CPU
		{92886095-D59F-4CDE-B32B-167065AFF573}.Release|Any CPU.Build.0 = Release|Any CPU
		{5AE95D7C-B864-4DE1-B524-B4E7E77CA755}.Debug|Any CPU.ActiveCfg = Debug|Any CPU
		{5AE95D7C-B864-4DE1-B524-B4E7E77CA755}.Debug|Any CPU.Build.0 = Debug|Any CPU
		{5AE95D7C-B864-4DE1-B524-B4E7E77CA755}.Release|Any CPU.ActiveCfg = Release|Any CPU
		{5AE95D7C-B864-4DE1-B524-B4E7E77CA755}.Release|Any CPU.Build.0 = Release|Any CPU
		{FFF79852-79CF-4398-84B2-219F786396CE}.Debug|Any CPU.ActiveCfg = Debug|Any CPU
		{FFF79852-79CF-4398-84B2-219F786396CE}.Debug|Any CPU.Build.0 = Debug|Any CPU
		{FFF79852-79CF-4398-84B2-219F786396CE}.Release|Any CPU.ActiveCfg = Release|Any CPU
		{FFF79852-79CF-4398-84B2-219F786396CE}.Release|Any CPU.Build.0 = Release|Any CPU
		{D33A5E45-5843-4750-908C-EFBB4D85FC7E}.Debug|Any CPU.ActiveCfg = Debug|Any CPU
		{D33A5E45-5843-4750-908C-EFBB4D85FC7E}.Debug|Any CPU.Build.0 = Debug|Any CPU
		{D33A5E45-5843-4750-908C-EFBB4D85FC7E}.Release|Any CPU.ActiveCfg = Release|Any CPU
		{D33A5E45-5843-4750-908C-EFBB4D85FC7E}.Release|Any CPU.Build.0 = Release|Any CPU
		{8E34BB1F-F678-48B2-8C1B-C86BE512FF46}.Debug|Any CPU.ActiveCfg = Debug|Any CPU
		{8E34BB1F-F678-48B2-8C1B-C86BE512FF46}.Debug|Any CPU.Build.0 = Debug|Any CPU
		{8E34BB1F-F678-48B2-8C1B-C86BE512FF46}.Release|Any CPU.ActiveCfg = Release|Any CPU
		{8E34BB1F-F678-48B2-8C1B-C86BE512FF46}.Release|Any CPU.Build.0 = Release|Any CPU
	EndGlobalSection
	GlobalSection(SolutionProperties) = preSolution
		HideSolutionNode = FALSE
	EndGlobalSection
	GlobalSection(ExtensibilityGlobals) = postSolution
		SolutionGuid = {EA3A5658-9F70-4FC5-AADC-B3B80808C1E7}
	EndGlobalSection
EndGlobal
