
Microsoft Visual Studio Solution File, Format Version 12.00
# Visual Studio Version 17
VisualStudioVersion = 17.2.32526.322
MinimumVisualStudioVersion = 10.0.40219.1
Project("{9A19103F-16F7-4668-BE54-9A1E7A4F7556}") = "Encapsulation exercise", "Encapsulation exercise\Encapsulation exercise.csproj", "{71A8A5FA-F031-4E6B-B026-AA569AB4A305}"
EndProject
Project("{9A19103F-16F7-4668-BE54-9A1E7A4F7556}") = "1.ClassBoxData", "1.ClassBoxData\1.ClassBoxData.csproj", "{FFDDF3C9-2E9D-40C8-9D7E-11D7269CBE52}"
EndProject
Project("{9A19103F-16F7-4668-BE54-9A1E7A4F7556}") = "5.FootballTeamGenerator", "5.FootballTeamGenerator\5.FootballTeamGenerator.csproj", "{B4F07F45-C3BA-463B-B6C6-D5AABAEDBDF8}"
EndProject
Project("{9A19103F-16F7-4668-BE54-9A1E7A4F7556}") = "3.ShoppingSpree", "3.ShoppingSpree\3.ShoppingSpree.csproj", "{EE584E4F-92F0-467A-929C-808A44E93E27}"
EndProject
Project("{FAE04EC0-301F-11D3-BF4B-00C04F79EFBC}") = "4.PizzaCalories", "4.PizzaCalories\4.PizzaCalories.csproj", "{FBB5E871-6254-4EBE-B82C-15DE99A28476}"
EndProject
Global
	GlobalSection(SolutionConfigurationPlatforms) = preSolution
		Debug|Any CPU = Debug|Any CPU
		Release|Any CPU = Release|Any CPU
	EndGlobalSection
	GlobalSection(ProjectConfigurationPlatforms) = postSolution
		{71A8A5FA-F031-4E6B-B026-AA569AB4A305}.Debug|Any CPU.ActiveCfg = Debug|Any CPU
		{71A8A5FA-F031-4E6B-B026-AA569AB4A305}.Debug|Any CPU.Build.0 = Debug|Any CPU
		{71A8A5FA-F031-4E6B-B026-AA569AB4A305}.Release|Any CPU.ActiveCfg = Release|Any CPU
		{71A8A5FA-F031-4E6B-B026-AA569AB4A305}.Release|Any CPU.Build.0 = Release|Any CPU
		{FFDDF3C9-2E9D-40C8-9D7E-11D7269CBE52}.Debug|Any CPU.ActiveCfg = Debug|Any CPU
		{FFDDF3C9-2E9D-40C8-9D7E-11D7269CBE52}.Debug|Any CPU.Build.0 = Debug|Any CPU
		{FFDDF3C9-2E9D-40C8-9D7E-11D7269CBE52}.Release|Any CPU.ActiveCfg = Release|Any CPU
		{FFDDF3C9-2E9D-40C8-9D7E-11D7269CBE52}.Release|Any CPU.Build.0 = Release|Any CPU
		{B4F07F45-C3BA-463B-B6C6-D5AABAEDBDF8}.Debug|Any CPU.ActiveCfg = Debug|Any CPU
		{B4F07F45-C3BA-463B-B6C6-D5AABAEDBDF8}.Debug|Any CPU.Build.0 = Debug|Any CPU
		{B4F07F45-C3BA-463B-B6C6-D5AABAEDBDF8}.Release|Any CPU.ActiveCfg = Release|Any CPU
		{B4F07F45-C3BA-463B-B6C6-D5AABAEDBDF8}.Release|Any CPU.Build.0 = Release|Any CPU
		{EE584E4F-92F0-467A-929C-808A44E93E27}.Debug|Any CPU.ActiveCfg = Debug|Any CPU
		{EE584E4F-92F0-467A-929C-808A44E93E27}.Debug|Any CPU.Build.0 = Debug|Any CPU
		{EE584E4F-92F0-467A-929C-808A44E93E27}.Release|Any CPU.ActiveCfg = Release|Any CPU
		{EE584E4F-92F0-467A-929C-808A44E93E27}.Release|Any CPU.Build.0 = Release|Any CPU
		{FBB5E871-6254-4EBE-B82C-15DE99A28476}.Debug|Any CPU.ActiveCfg = Debug|Any CPU
		{FBB5E871-6254-4EBE-B82C-15DE99A28476}.Debug|Any CPU.Build.0 = Debug|Any CPU
		{FBB5E871-6254-4EBE-B82C-15DE99A28476}.Release|Any CPU.ActiveCfg = Release|Any CPU
		{FBB5E871-6254-4EBE-B82C-15DE99A28476}.Release|Any CPU.Build.0 = Release|Any CPU
	EndGlobalSection
	GlobalSection(SolutionProperties) = preSolution
		HideSolutionNode = FALSE
	EndGlobalSection
	GlobalSection(ExtensibilityGlobals) = postSolution
		SolutionGuid = {315CA2D0-C549-4B7F-A54C-D986A75DC0BC}
	EndGlobalSection
EndGlobal
