
Microsoft Visual Studio Solution File, Format Version 12.00
# Visual Studio Version 17
VisualStudioVersion = 17.2.32526.322
MinimumVisualStudioVersion = 10.0.40219.1
Project("{FAE04EC0-301F-11D3-BF4B-00C04F79EFBC}") = "Inheritance", "Inheritance\Inheritance.csproj", "{0FFA3734-C374-4113-8B11-A28ED1B206E2}"
EndProject
Project("{FAE04EC0-301F-11D3-BF4B-00C04F79EFBC}") = "1.Single_Inheritance", "1.Single_Inheritance\1.Single_Inheritance.csproj", "{F2B49BC4-ED25-4D37-843D-E285B7C18D82}"
EndProject
Project("{FAE04EC0-301F-11D3-BF4B-00C04F79EFBC}") = "2.Multiple_Inheritance", "2.Multiple_Inheritance\2.Multiple_Inheritance.csproj", "{C5A7E6E2-133B-4F89-A8F8-C6E5405737A4}"
EndProject
Project("{FAE04EC0-301F-11D3-BF4B-00C04F79EFBC}") = "3.Hierarchical_Inheritance", "3.Hierarchical_Inheritance\3.Hierarchical_Inheritance.csproj", "{6A61481C-A8D9-40E5-81B1-3DB071FC1040}"
EndProject
Project("{FAE04EC0-301F-11D3-BF4B-00C04F79EFBC}") = "4.Random_List", "4.Random_List\4.Random_List.csproj", "{59F5C811-7773-46BF-8F21-1DCA1DE8FE19}"
EndProject
Project("{FAE04EC0-301F-11D3-BF4B-00C04F79EFBC}") = "5.Stack_of_Strings", "5.Stack_of_Strings\5.Stack_of_Strings.csproj", "{AFB3FD34-ADD1-4500-A805-6E8B49BCD255}"
EndProject
Global
	GlobalSection(SolutionConfigurationPlatforms) = preSolution
		Debug|Any CPU = Debug|Any CPU
		Release|Any CPU = Release|Any CPU
	EndGlobalSection
	GlobalSection(ProjectConfigurationPlatforms) = postSolution
		{0FFA3734-C374-4113-8B11-A28ED1B206E2}.Debug|Any CPU.ActiveCfg = Debug|Any CPU
		{0FFA3734-C374-4113-8B11-A28ED1B206E2}.Debug|Any CPU.Build.0 = Debug|Any CPU
		{0FFA3734-C374-4113-8B11-A28ED1B206E2}.Release|Any CPU.ActiveCfg = Release|Any CPU
		{0FFA3734-C374-4113-8B11-A28ED1B206E2}.Release|Any CPU.Build.0 = Release|Any CPU
		{F2B49BC4-ED25-4D37-843D-E285B7C18D82}.Debug|Any CPU.ActiveCfg = Debug|Any CPU
		{F2B49BC4-ED25-4D37-843D-E285B7C18D82}.Debug|Any CPU.Build.0 = Debug|Any CPU
		{F2B49BC4-ED25-4D37-843D-E285B7C18D82}.Release|Any CPU.ActiveCfg = Release|Any CPU
		{F2B49BC4-ED25-4D37-843D-E285B7C18D82}.Release|Any CPU.Build.0 = Release|Any CPU
		{C5A7E6E2-133B-4F89-A8F8-C6E5405737A4}.Debug|Any CPU.ActiveCfg = Debug|Any CPU
		{C5A7E6E2-133B-4F89-A8F8-C6E5405737A4}.Debug|Any CPU.Build.0 = Debug|Any CPU
		{C5A7E6E2-133B-4F89-A8F8-C6E5405737A4}.Release|Any CPU.ActiveCfg = Release|Any CPU
		{C5A7E6E2-133B-4F89-A8F8-C6E5405737A4}.Release|Any CPU.Build.0 = Release|Any CPU
		{6A61481C-A8D9-40E5-81B1-3DB071FC1040}.Debug|Any CPU.ActiveCfg = Debug|Any CPU
		{6A61481C-A8D9-40E5-81B1-3DB071FC1040}.Debug|Any CPU.Build.0 = Debug|Any CPU
		{6A61481C-A8D9-40E5-81B1-3DB071FC1040}.Release|Any CPU.ActiveCfg = Release|Any CPU
		{6A61481C-A8D9-40E5-81B1-3DB071FC1040}.Release|Any CPU.Build.0 = Release|Any CPU
		{59F5C811-7773-46BF-8F21-1DCA1DE8FE19}.Debug|Any CPU.ActiveCfg = Debug|Any CPU
		{59F5C811-7773-46BF-8F21-1DCA1DE8FE19}.Debug|Any CPU.Build.0 = Debug|Any CPU
		{59F5C811-7773-46BF-8F21-1DCA1DE8FE19}.Release|Any CPU.ActiveCfg = Release|Any CPU
		{59F5C811-7773-46BF-8F21-1DCA1DE8FE19}.Release|Any CPU.Build.0 = Release|Any CPU
		{AFB3FD34-ADD1-4500-A805-6E8B49BCD255}.Debug|Any CPU.ActiveCfg = Debug|Any CPU
		{AFB3FD34-ADD1-4500-A805-6E8B49BCD255}.Debug|Any CPU.Build.0 = Debug|Any CPU
		{AFB3FD34-ADD1-4500-A805-6E8B49BCD255}.Release|Any CPU.ActiveCfg = Release|Any CPU
		{AFB3FD34-ADD1-4500-A805-6E8B49BCD255}.Release|Any CPU.Build.0 = Release|Any CPU
	EndGlobalSection
	GlobalSection(SolutionProperties) = preSolution
		HideSolutionNode = FALSE
	EndGlobalSection
	GlobalSection(ExtensibilityGlobals) = postSolution
		SolutionGuid = {8CF03927-0E41-4B0B-9B93-0081903E6A0A}
	EndGlobalSection
EndGlobal
