
Microsoft Visual Studio Solution File, Format Version 12.00
# Visual Studio Version 17
VisualStudioVersion = 17.2.32630.192
MinimumVisualStudioVersion = 10.0.40219.1
Project("{FAE04EC0-301F-11D3-BF4B-00C04F79EFBC}") = "Ref and Attribute Exercise", "Ref and Attribute Exercise\Ref and Attribute Exercise.csproj", "{481BB679-F9C4-4C4D-8635-A1C0932E2E56}"
EndProject
Global
	GlobalSection(SolutionConfigurationPlatforms) = preSolution
		Debug|Any CPU = Debug|Any CPU
		Release|Any CPU = Release|Any CPU
	EndGlobalSection
	GlobalSection(ProjectConfigurationPlatforms) = postSolution
		{481BB679-F9C4-4C4D-8635-A1C0932E2E56}.Debug|Any CPU.ActiveCfg = Debug|Any CPU
		{481BB679-F9C4-4C4D-8635-A1C0932E2E56}.Debug|Any CPU.Build.0 = Debug|Any CPU
		{481BB679-F9C4-4C4D-8635-A1C0932E2E56}.Release|Any CPU.ActiveCfg = Release|Any CPU
		{481BB679-F9C4-4C4D-8635-A1C0932E2E56}.Release|Any CPU.Build.0 = Release|Any CPU
	EndGlobalSection
	GlobalSection(SolutionProperties) = preSolution
		HideSolutionNode = FALSE
	EndGlobalSection
	GlobalSection(ExtensibilityGlobals) = postSolution
		SolutionGuid = {54591B4B-04EB-4E2E-ACBE-D80A73101F23}
	EndGlobalSection
EndGlobal
